
Microsoft Visual Studio Solution File, Format Version 12.00
# Visual Studio Version 17
VisualStudioVersion = 17.0.32126.317
MinimumVisualStudioVersion = 10.0.40219.1
Project("{FAE04EC0-301F-11D3-BF4B-00C04F79EFBC}") = "Algorithms", "Algorithms.csproj", "{70A024A1-6219-4486-9617-31A702679EA7}"
EndProject
Project("{FAE04EC0-301F-11D3-BF4B-00C04F79EFBC}") = "CodingTest.UnitTests", "..\CodingTest.UnitTests\CodingTest.UnitTests.csproj", "{9501BE38-5A04-4D51-BD26-6231FDA3A6A9}"
EndProject
Global
	GlobalSection(SolutionConfigurationPlatforms) = preSolution
		Debug|Any CPU = Debug|Any CPU
		Release|Any CPU = Release|Any CPU
	EndGlobalSection
	GlobalSection(ProjectConfigurationPlatforms) = postSolution
		{70A024A1-6219-4486-9617-31A702679EA7}.Debug|Any CPU.ActiveCfg = Debug|Any CPU
		{70A024A1-6219-4486-9617-31A702679EA7}.Debug|Any CPU.Build.0 = Debug|Any CPU
		{70A024A1-6219-4486-9617-31A702679EA7}.Release|Any CPU.ActiveCfg = Release|Any CPU
		{70A024A1-6219-4486-9617-31A702679EA7}.Release|Any CPU.Build.0 = Release|Any CPU
		{9501BE38-5A04-4D51-BD26-6231FDA3A6A9}.Debug|Any CPU.ActiveCfg = Debug|Any CPU
		{9501BE38-5A04-4D51-BD26-6231FDA3A6A9}.Debug|Any CPU.Build.0 = Debug|Any CPU
		{9501BE38-5A04-4D51-BD26-6231FDA3A6A9}.Release|Any CPU.ActiveCfg = Release|Any CPU
		{9501BE38-5A04-4D51-BD26-6231FDA3A6A9}.Release|Any CPU.Build.0 = Release|Any CPU
	EndGlobalSection
	GlobalSection(SolutionProperties) = preSolution
		HideSolutionNode = FALSE
	EndGlobalSection
	GlobalSection(ExtensibilityGlobals) = postSolution
		SolutionGuid = {3BEF0023-C3B5-4B97-97FF-934F78E72CB8}
	EndGlobalSection
EndGlobal
