
Microsoft Visual Studio Solution File, Format Version 12.00
# Visual Studio Version 17
VisualStudioVersion = 17.0.32126.317
MinimumVisualStudioVersion = 10.0.40219.1
Project("{9A19103F-16F7-4668-BE54-9A1E7A4F7556}") = "Algorithms.UnitTests", "Algorithms.UnitTests\Algorithms.UnitTests.csproj", "{725D4606-02ED-4EA8-AA7A-5B0C1F05DDBD}"
EndProject
Project("{9A19103F-16F7-4668-BE54-9A1E7A4F7556}") = "Algorithms", "Algorithms\Algorithms.csproj", "{410F440A-0F4A-4F40-8A9F-2F8083D017EC}"
EndProject
Global
	GlobalSection(SolutionConfigurationPlatforms) = preSolution
		Debug|Any CPU = Debug|Any CPU
		Release|Any CPU = Release|Any CPU
	EndGlobalSection
	GlobalSection(ProjectConfigurationPlatforms) = postSolution
		{725D4606-02ED-4EA8-AA7A-5B0C1F05DDBD}.Debug|Any CPU.ActiveCfg = Debug|Any CPU
		{725D4606-02ED-4EA8-AA7A-5B0C1F05DDBD}.Debug|Any CPU.Build.0 = Debug|Any CPU
		{725D4606-02ED-4EA8-AA7A-5B0C1F05DDBD}.Release|Any CPU.ActiveCfg = Release|Any CPU
		{725D4606-02ED-4EA8-AA7A-5B0C1F05DDBD}.Release|Any CPU.Build.0 = Release|Any CPU
		{410F440A-0F4A-4F40-8A9F-2F8083D017EC}.Debug|Any CPU.ActiveCfg = Debug|Any CPU
		{410F440A-0F4A-4F40-8A9F-2F8083D017EC}.Debug|Any CPU.Build.0 = Debug|Any CPU
		{410F440A-0F4A-4F40-8A9F-2F8083D017EC}.Release|Any CPU.ActiveCfg = Release|Any CPU
		{410F440A-0F4A-4F40-8A9F-2F8083D017EC}.Release|Any CPU.Build.0 = Release|Any CPU
	EndGlobalSection
	GlobalSection(SolutionProperties) = preSolution
		HideSolutionNode = FALSE
	EndGlobalSection
	GlobalSection(ExtensibilityGlobals) = postSolution
		SolutionGuid = {3BEF0023-C3B5-4B97-97FF-934F78E72CB8}
	EndGlobalSection
EndGlobal
